<?xml version="1.0" encoding="utf-8"?>
<Project ToolsVersion="17.0" xmlns="http://schemas.microsoft.com/developer/msbuild/2003">
  <ItemGroup>
    <CustomBuild Include="D:\MY_FILES\学习\资料\软件测试\大作业2\part1\Passes\MyPass\CMakeFiles\34555d2ee4bd65b35a69993e2f52d080\puzzle1_dummy.rule">
      <Filter>CMake Rules</Filter>
    </CustomBuild>
    <CustomBuild Include="D:\MY_FILES\学习\资料\软件测试\大作业2\part1\Passes\puzzle1\CMakeLists.txt" />
  </ItemGroup>
  <ItemGroup>
    <None Include="D:\MY_FILES\学习\资料\软件测试\大作业2\part1\Passes\MyPass\puzzle1\CMakeFiles\puzzle1_dummy" />
  </ItemGroup>
  <ItemGroup>
    <Filter Include="CMake Rules">
      <UniqueIdentifier>{C63E622E-9740-366A-8923-935517CA208B}</UniqueIdentifier>
    </Filter>
  </ItemGroup>
</Project>
